
Microsoft Visual Studio Solution File, Format Version 12.00
# Visual Studio Version 17
VisualStudioVersion = 17.6.33829.357
MinimumVisualStudioVersion = 10.0.40219.1
Project("{9A19103F-16F7-4668-BE54-9A1E7A4F7556}") = "DatabaseSchema", "DatabaseSchema.csproj", "{33E4746C-0DEC-4714-9588-1C3B4D033735}"
EndProject
Project("{FAE04EC0-301F-11D3-BF4B-00C04F79EFBC}") = "EmployeeManagement", "..\EmployeeManagement\EmployeeManagement.csproj", "{ECA0F934-4429-422F-AEAD-AB7D32FB3792}"
EndProject
Global
	GlobalSection(SolutionConfigurationPlatforms) = preSolution
		Debug|Any CPU = Debug|Any CPU
		Release|Any CPU = Release|Any CPU
	EndGlobalSection
	GlobalSection(ProjectConfigurationPlatforms) = postSolution
		{33E4746C-0DEC-4714-9588-1C3B4D033735}.Debug|Any CPU.ActiveCfg = Debug|Any CPU
		{33E4746C-0DEC-4714-9588-1C3B4D033735}.Debug|Any CPU.Build.0 = Debug|Any CPU
		{33E4746C-0DEC-4714-9588-1C3B4D033735}.Release|Any CPU.ActiveCfg = Release|Any CPU
		{33E4746C-0DEC-4714-9588-1C3B4D033735}.Release|Any CPU.Build.0 = Release|Any CPU
		{ECA0F934-4429-422F-AEAD-AB7D32FB3792}.Debug|Any CPU.ActiveCfg = Debug|Any CPU
		{ECA0F934-4429-422F-AEAD-AB7D32FB3792}.Debug|Any CPU.Build.0 = Debug|Any CPU
		{ECA0F934-4429-422F-AEAD-AB7D32FB3792}.Release|Any CPU.ActiveCfg = Release|Any CPU
		{ECA0F934-4429-422F-AEAD-AB7D32FB3792}.Release|Any CPU.Build.0 = Release|Any CPU
	EndGlobalSection
	GlobalSection(SolutionProperties) = preSolution
		HideSolutionNode = FALSE
	EndGlobalSection
	GlobalSection(ExtensibilityGlobals) = postSolution
		SolutionGuid = {8EC4D6D1-8660-48E1-BE96-A53CD6B01039}
	EndGlobalSection
EndGlobal
